// !$*UTF8*$!
{
	archiveVersion = 1;
	classes = {
	};
	objectVersion = 46;
	objects = {

/* Begin PBXBuildFile section */
		17D13B341C267CED00827867 /* AppDelegate.swift in Sources */ = {isa = PBXBuildFile; fileRef = 17D13B331C267CED00827867 /* AppDelegate.swift */; };
		17D13B361C267CED00827867 /* ViewController.swift in Sources */ = {isa = PBXBuildFile; fileRef = 17D13B351C267CED00827867 /* ViewController.swift */; };
		17D13B391C267CED00827867 /* Main.storyboard in Resources */ = {isa = PBXBuildFile; fileRef = 17D13B371C267CED00827867 /* Main.storyboard */; };
		17D13B3B1C267CED00827867 /* Assets.xcassets in Resources */ = {isa = PBXBuildFile; fileRef = 17D13B3A1C267CED00827867 /* Assets.xcassets */; };
		17D13B3E1C267CED00827867 /* LaunchScreen.storyboard in Resources */ = {isa = PBXBuildFile; fileRef = 17D13B3C1C267CED00827867 /* LaunchScreen.storyboard */; };
		17D13B481C27AE2A00827867 /* TSCurrencyTextField.m in Sources */ = {isa = PBXBuildFile; fileRef = 17D13B471C27AE2A00827867 /* TSCurrencyTextField.m */; };
/* End PBXBuildFile section */

/* Begin PBXFileReference section */
		17D13B301C267CED00827867 /* tips.app */ = {isa = PBXFileReference; explicitFileType = wrapper.application; includeInIndex = 0; path = tips.app; sourceTree = BUILT_PRODUCTS_DIR; };
		17D13B331C267CED00827867 /* AppDelegate.swift */ = {isa = PBXFileReference; lastKnownFileType = sourcecode.swift; path = AppDelegate.swift; sourceTree = "<group>"; };
		17D13B351C267CED00827867 /* ViewController.swift */ = {isa = PBXFileReference; lastKnownFileType = sourcecode.swift; path = ViewController.swift; sourceTree = "<group>"; };
		17D13B381C267CED00827867 /* Base */ = {isa = PBXFileReference; lastKnownFileType = file.storyboard; name = Base; path = Base.lproj/Main.storyboard; sourceTree = "<group>"; };
		17D13B3A1C267CED00827867 /* Assets.xcassets */ = {isa = PBXFileReference; lastKnownFileType = folder.assetcatalog; path = Assets.xcassets; sourceTree = "<group>"; };
		17D13B3D1C267CED00827867 /* Base */ = {isa = PBXFileReference; lastKnownFileType = file.storyboard; name = Base; path = Base.lproj/LaunchScreen.storyboard; sourceTree = "<group>"; };
		17D13B3F1C267CED00827867 /* Info.plist */ = {isa = PBXFileReference; lastKnownFileType = text.plist.xml; path = Info.plist; sourceTree = "<group>"; };
		17D13B451C27AE2900827867 /* tips-Bridging-Header.h */ = {isa = PBXFileReference; lastKnownFileType = sourcecode.c.h; path = "tips-Bridging-Header.h"; sourceTree = "<group>"; };
		17D13B461C27AE2A00827867 /* TSCurrencyTextField.h */ = {isa = PBXFileReference; fileEncoding = 4; lastKnownFileType = sourcecode.c.h; path = TSCurrencyTextField.h; sourceTree = "<group>"; };
		17D13B471C27AE2A00827867 /* TSCurrencyTextField.m */ = {isa = PBXFileReference; fileEncoding = 4; lastKnownFileType = sourcecode.c.objc; path = TSCurrencyTextField.m; sourceTree = "<group>"; };
/* End PBXFileReference section */

/* Begin PBXFrameworksBuildPhase section */
		17D13B2D1C267CED00827867 /* Frameworks */ = {
			isa = PBXFrameworksBuildPhase;
			buildActionMask = 2147483647;
			files = (
			);
			runOnlyForDeploymentPostprocessing = 0;
		};
/* End PBXFrameworksBuildPhase section */

/* Begin PBXGroup section */
		17D13B271C267CEC00827867 = {
			isa = PBXGroup;
			children = (
				17D13B321C267CED00827867 /* tips */,
				17D13B311C267CED00827867 /* Products */,
			);
			sourceTree = "<group>";
		};
		17D13B311C267CED00827867 /* Products */ = {
			isa = PBXGroup;
			children = (
				17D13B301C267CED00827867 /* tips.app */,
			);
			name = Products;
			sourceTree = "<group>";
		};
		17D13B321C267CED00827867 /* tips */ = {
			isa = PBXGroup;
			children = (
				17D13B331C267CED00827867 /* AppDelegate.swift */,
				17D13B351C267CED00827867 /* ViewController.swift */,
				17D13B371C267CED00827867 /* Main.storyboard */,
				17D13B461C27AE2A00827867 /* TSCurrencyTextField.h */,
				17D13B471C27AE2A00827867 /* TSCurrencyTextField.m */,
				17D13B3A1C267CED00827867 /* Assets.xcassets */,
				17D13B3C1C267CED00827867 /* LaunchScreen.storyboard */,
				17D13B3F1C267CED00827867 /* Info.plist */,
				17D13B451C27AE2900827867 /* tips-Bridging-Header.h */,
			);
			path = tips;
			sourceTree = "<group>";
		};
/* End PBXGroup section */

/* Begin PBXNativeTarget section */
		17D13B2F1C267CED00827867 /* tips */ = {
			isa = PBXNativeTarget;
			buildConfigurationList = 17D13B421C267CED00827867 /* Build configuration list for PBXNativeTarget "tips" */;
			buildPhases = (
				17D13B2C1C267CED00827867 /* Sources */,
				17D13B2D1C267CED00827867 /* Frameworks */,
				17D13B2E1C267CED00827867 /* Resources */,
			);
			buildRules = (
			);
			dependencies = (
			);
			name = tips;
			productName = tips;
			productReference = 17D13B301C267CED00827867 /* tips.app */;
			productType = "com.apple.product-type.application";
		};
/* End PBXNativeTarget section */

/* Begin PBXProject section */
		17D13B281C267CEC00827867 /* Project object */ = {
			isa = PBXProject;
			attributes = {
				LastSwiftUpdateCheck = 0710;
				LastUpgradeCheck = 0710;
				ORGANIZATIONNAME = "Two Beards and Fro";
				TargetAttributes = {
					17D13B2F1C267CED00827867 = {
						CreatedOnToolsVersion = 7.1.1;
					};
				};
			};
			buildConfigurationList = 17D13B2B1C267CEC00827867 /* Build configuration list for PBXProject "tips" */;
			compatibilityVersion = "Xcode 3.2";
			developmentRegion = English;
			hasScannedForEncodings = 0;
			knownRegions = (
				en,
				Base,
			);
			mainGroup = 17D13B271C267CEC00827867;
			productRefGroup = 17D13B311C267CED00827867 /* Products */;
			projectDirPath = "";
			projectRoot = "";
			targets = (
				17D13B2F1C267CED00827867 /* tips */,
			);
		};
/* End PBXProject section */

/* Begin PBXResourcesBuildPhase section */
		17D13B2E1C267CED00827867 /* Resources */ = {
			isa = PBXResourcesBuildPhase;
			buildActionMask = 2147483647;
			files = (
				17D13B3E1C267CED00827867 /* LaunchScreen.storyboard in Resources */,
				17D13B3B1C267CED00827867 /* Assets.xcassets in Resources */,
				17D13B391C267CED00827867 /* Main.storyboard in Resources */,
			);
			runOnlyForDeploymentPostprocessing = 0;
		};
/* End PBXResourcesBuildPhase section */

/* Begin PBXSourcesBuildPhase section */
		17D13B2C1C267CED00827867 /* Sources */ = {
			isa = PBXSourcesBuildPhase;
			buildActionMask = 2147483647;
			files = (
				17D13B361C267CED00827867 /* ViewController.swift in Sources */,
				17D13B341C267CED00827867 /* AppDelegate.swift in Sources */,
				17D13B481C27AE2A00827867 /* TSCurrencyTextField.m in Sources */,
			);
			runOnlyForDeploymentPostprocessing = 0;
		};
/* End PBXSourcesBuildPhase section */

/* Begin PBXVariantGroup section */
		17D13B371C267CED00827867 /* Main.storyboard */ = {
			isa = PBXVariantGroup;
			children = (
				17D13B381C267CED00827867 /* Base */,
			);
			name = Main.storyboard;
			sourceTree = "<group>";
		};
		17D13B3C1C267CED00827867 /* LaunchScreen.storyboard */ = {
			isa = PBXVariantGroup;
			children = (
				17D13B3D1C267CED00827867 /* Base */,
			);
			name = LaunchScreen.storyboard;
			sourceTree = "<group>";
		};
/* End PBXVariantGroup section */

/* Begin XCBuildConfiguration section */
		17D13B401C267CED00827867 /* Debug */ = {
			isa = XCBuildConfiguration;
			buildSettings = {
				ALWAYS_SEARCH_USER_PATHS = NO;
				CLANG_CXX_LANGUAGE_STANDARD = "gnu++0x";
				CLANG_CXX_LIBRARY = "libc++";
				CLANG_ENABLE_MODULES = YES;
				CLANG_ENABLE_OBJC_ARC = YES;
				CLANG_WARN_BOOL_CONVERSION = YES;
				CLANG_WARN_CONSTANT_CONVERSION = YES;
				CLANG_WARN_DIRECT_OBJC_ISA_USAGE = YES_ERROR;
				CLANG_WARN_EMPTY_BODY = YES;
				CLANG_WARN_ENUM_CONVERSION = YES;
				CLANG_WARN_INT_CONVERSION = YES;
				CLANG_WARN_OBJC_ROOT_CLASS = YES_ERROR;
				CLANG_WARN_UNREACHABLE_CODE = YES;
				CLANG_WARN__DUPLICATE_METHOD_MATCH = YES;
				"CODE_SIGN_IDENTITY[sdk=iphoneos*]" = "iPhone Developer";
				COPY_PHASE_STRIP = NO;
				DEBUG_INFORMATION_FORMAT = dwarf;
				ENABLE_STRICT_OBJC_MSGSEND = YES;
				ENABLE_TESTABILITY = YES;
				GCC_C_LANGUAGE_STANDARD = gnu99;
				GCC_DYNAMIC_NO_PIC = NO;
				GCC_NO_COMMON_BLOCKS = YES;
				GCC_OPTIMIZATION_LEVEL = 0;
				GCC_PREPROCESSOR_DEFINITIONS = (
					"DEBUG=1",
					"$(inherited)",
				);
				GCC_WARN_64_TO_32_BIT_CONVERSION = YES;
				GCC_WARN_ABOUT_RETURN_TYPE = YES_ERROR;
				GCC_WARN_UNDECLARED_SELECTOR = YES;
				GCC_WARN_UNINITIALIZED_AUTOS = YES_AGGRESSIVE;
				GCC_WARN_UNUSED_FUNCTION = YES;
				GCC_WARN_UNUSED_VARIABLE = YES;
				IPHONEOS_DEPLOYMENT_TARGET = 9.1;
				MTL_ENABLE_DEBUG_INFO = YES;
				ONLY_ACTIVE_ARCH = YES;
				SDKROOT = iphoneos;
				SWIFT_OBJC_BRIDGING_HEADER = "tips-Bridging-Header.h";
				SWIFT_OPTIMIZATION_LEVEL = "-Onone";
			};
			name = Debug;
		};
		17D13B411C267CED00827867 /* Release */ = {
			isa = XCBuildConfiguration;
			buildSettings = {
				ALWAYS_SEARCH_USER_PATHS = NO;
				CLANG_CXX_LANGUAGE_STANDARD = "gnu++0x";
				CLANG_CXX_LIBRARY = "libc++";
				CLANG_ENABLE_MODULES = YES;
				CLANG_ENABLE_OBJC_ARC = YES;
				CLANG_WARN_BOOL_CONVERSION = YES;
				CLANG_WARN_CONSTANT_CONVERSION = YES;
				CLANG_WARN_DIRECT_OBJC_ISA_USAGE = YES_ERROR;
				CLANG_WARN_EMPTY_BODY = YES;
				CLANG_WARN_ENUM_CONVERSION = YES;
				CLANG_WARN_INT_CONVERSION = YES;
				CLANG_WARN_OBJC_ROOT_CLASS = YES_ERROR;
				CLANG_WARN_UNREACHABLE_CODE = YES;
				CLANG_WARN__DUPLICATE_METHOD_MATCH = YES;
				"CODE_SIGN_IDENTITY[sdk=iphoneos*]" = "iPhone Developer";
				COPY_PHASE_STRIP = NO;
				DEBUG_INFORMATION_FORMAT = "dwarf-with-dsym";
				ENABLE_NS_ASSERTIONS = NO;
				ENABLE_STRICT_OBJC_MSGSEND = YES;
				GCC_C_LANGUAGE_STANDARD = gnu99;
				GCC_NO_COMMON_BLOCKS = YES;
				GCC_WARN_64_TO_32_BIT_CONVERSION = YES;
				GCC_WARN_ABOUT_RETURN_TYPE = YES_ERROR;
				GCC_WARN_UNDECLARED_SELECTOR = YES;
				GCC_WARN_UNINITIALIZED_AUTOS = YES_AGGRESSIVE;
				GCC_WARN_UNUSED_FUNCTION = YES;
				GCC_WARN_UNUSED_VARIABLE = YES;
				IPHONEOS_DEPLOYMENT_TARGET = 9.1;
				MTL_ENABLE_DEBUG_INFO = NO;
				SDKROOT = iphoneos;
				SWIFT_OBJC_BRIDGING_HEADER = "tips-Bridging-Header.h";
				VALIDATE_PRODUCT = YES;
			};
			name = Release;
		};
		17D13B431C267CED00827867 /* Debug */ = {
			isa = XCBuildConfiguration;
			buildSettings = {
				ASSETCATALOG_COMPILER_APPICON_NAME = AppIcon;
				CLANG_ENABLE_MODULES = YES;
				INFOPLIST_FILE = tips/Info.plist;
				LD_RUNPATH_SEARCH_PATHS = "$(inherited) @executable_path/Frameworks";
				PRODUCT_BUNDLE_IDENTIFIER = com.TwoBeardsAndFro.tips;
				PRODUCT_NAME = "$(TARGET_NAME)";
				SWIFT_OBJC_BRIDGING_HEADER = "tips/tips-Bridging-Header.h";
				SWIFT_OPTIMIZATION_LEVEL = "-Onone";
			};
			name = Debug;
		};
		17D13B441C267CED00827867 /* Release */ = {
			isa = XCBuildConfiguration;
			buildSettings = {
				ASSETCATALOG_COMPILER_APPICON_NAME = AppIcon;
				CLANG_ENABLE_MODULES = YES;
				INFOPLIST_FILE = tips/Info.plist;
				LD_RUNPATH_SEARCH_PATHS = "$(inherited) @executable_path/Frameworks";
				PRODUCT_BUNDLE_IDENTIFIER = com.TwoBeardsAndFro.tips;
				PRODUCT_NAME = "$(TARGET_NAME)";
				SWIFT_OBJC_BRIDGING_HEADER = "tips/tips-Bridging-Header.h";
			};
			name = Release;
		};
/* End XCBuildConfiguration section */

/* Begin XCConfigurationList section */
		17D13B2B1C267CEC00827867 /* Build configuration list for PBXProject "tips" */ = {
			isa = XCConfigurationList;
			buildConfigurations = (
				17D13B401C267CED00827867 /* Debug */,
				17D13B411C267CED00827867 /* Release */,
			);
			defaultConfigurationIsVisible = 0;
			defaultConfigurationName = Release;
		};
		17D13B421C267CED00827867 /* Build configuration list for PBXNativeTarget "tips" */ = {
			isa = XCConfigurationList;
			buildConfigurations = (
				17D13B431C267CED00827867 /* Debug */,
				17D13B441C267CED00827867 /* Release */,
			);
			defaultConfigurationIsVisible = 0;
		};
/* End XCConfigurationList section */
	};
	rootObject = 17D13B281C267CEC00827867 /* Project object */;
}
